// !$*UTF8*$!
{
	archiveVersion = 1;
	classes = {
	};
	objectVersion = 46;
	objects = {

/* Begin PBXBuildFile section */
		01DC1C96F60E4448A33C0100 /* CDVAccelerometer.m in Sources */ = {isa = PBXBuildFile; fileRef = 2043FA416D114E0E8041B66F /* CDVAccelerometer.m */; };
		0331A4D1B9B74A618A5F7291 /* AddressBook.framework in Frameworks */ = {isa = PBXBuildFile; fileRef = 5CF084624D1B4339B77BBA7C /* AddressBook.framework */; settings = {ATTRIBUTES = (Weak, ); }; };
		0DCE7BF16F9249829D07C719 /* AudioToolbox.framework in Frameworks */ = {isa = PBXBuildFile; fileRef = 2AA18D9E2CBC431AAD0FFEFB /* AudioToolbox.framework */; settings = {ATTRIBUTES = (Weak, ); }; };
		122EB8B7D65D43DEBCF35584 /* CDVNotification.bundle in Resources */ = {isa = PBXBuildFile; fileRef = D53BDB420EA0490E8C5798D5 /* CDVNotification.bundle */; };
		1505AEA8D61D45319AEDA061 /* CDVNotification.m in Sources */ = {isa = PBXBuildFile; fileRef = 9490F1CD057A40EDBFC4BC06 /* CDVNotification.m */; };
		1B9297F16F1C45D7A74F448C /* AdobeMobileLibrary.a in Frameworks */ = {isa = PBXBuildFile; fileRef = 3C9B7F14DF7649609D106623 /* AdobeMobileLibrary.a */; };
		1D3623260D0F684500981E51 /* AppDelegate.m in Sources */ = {isa = PBXBuildFile; fileRef = 1D3623250D0F684500981E51 /* AppDelegate.m */; };
		1D60589B0D05DD56006BFB54 /* main.m in Sources */ = {isa = PBXBuildFile; fileRef = 29B97316FDCFA39411CA2CEA /* main.m */; };
		1F766FE113BBADB100FB74C0 /* Localizable.strings in Resources */ = {isa = PBXBuildFile; fileRef = 1F766FDC13BBADB100FB74C0 /* Localizable.strings */; };
		20C6BFC179B2408E94F25772 /* CDVFile.m in Sources */ = {isa = PBXBuildFile; fileRef = B4FDF8BEF934459FA2052FC2 /* CDVFile.m */; };
		233CC8C146DB46968D93CDFF /* CDVAssetLibraryFilesystem.m in Sources */ = {isa = PBXBuildFile; fileRef = BF840BFFCFAE48A496C6A15E /* CDVAssetLibraryFilesystem.m */; };
		27D214521B8D0AB00028DB5F /* libz.dylib in Frameworks */ = {isa = PBXBuildFile; fileRef = 405787BE8EB547C7BE41CCC8 /* libz.dylib */; };
		288765FD0DF74451002DB57D /* CoreGraphics.framework in Frameworks */ = {isa = PBXBuildFile; fileRef = 288765FC0DF74451002DB57D /* CoreGraphics.framework */; };
		2A50069E547D43F094CBF3AF /* CDVContacts.m in Sources */ = {isa = PBXBuildFile; fileRef = DD5FD0932BF84306A0EE034F /* CDVContacts.m */; };
		2DA5FF0180BA41AAA234DE83 /* Insomnia.m in Sources */ = {isa = PBXBuildFile; fileRef = 156E66932A6048DAA30F8A88 /* Insomnia.m */; };
		301BF552109A68D80062928A /* libCordova.a in Frameworks */ = {isa = PBXBuildFile; fileRef = 301BF535109A57CC0062928A /* libCordova.a */; };
		302D95F114D2391D003F00A1 /* MainViewController.m in Sources */ = {isa = PBXBuildFile; fileRef = 302D95EF14D2391D003F00A1 /* MainViewController.m */; };
		302D95F214D2391D003F00A1 /* MainViewController.xib in Resources */ = {isa = PBXBuildFile; fileRef = 302D95F014D2391D003F00A1 /* MainViewController.xib */; };
		305D5FD1115AB8F900A74A75 /* MobileCoreServices.framework in Frameworks */ = {isa = PBXBuildFile; fileRef = 305D5FD0115AB8F900A74A75 /* MobileCoreServices.framework */; };
		3088BBBD154F3926009F9C59 /* Default-Landscape@2x~ipad.png in Resources */ = {isa = PBXBuildFile; fileRef = 3088BBB7154F3926009F9C59 /* Default-Landscape@2x~ipad.png */; };
		3088BBBE154F3926009F9C59 /* Default-Landscape~ipad.png in Resources */ = {isa = PBXBuildFile; fileRef = 3088BBB8154F3926009F9C59 /* Default-Landscape~ipad.png */; };
		3088BBBF154F3926009F9C59 /* Default-Portrait@2x~ipad.png in Resources */ = {isa = PBXBuildFile; fileRef = 3088BBB9154F3926009F9C59 /* Default-Portrait@2x~ipad.png */; };
		3088BBC0154F3926009F9C59 /* Default-Portrait~ipad.png in Resources */ = {isa = PBXBuildFile; fileRef = 3088BBBA154F3926009F9C59 /* Default-Portrait~ipad.png */; };
		3088BBC1154F3926009F9C59 /* Default@2x~iphone.png in Resources */ = {isa = PBXBuildFile; fileRef = 3088BBBB154F3926009F9C59 /* Default@2x~iphone.png */; };
		3088BBC2154F3926009F9C59 /* Default~iphone.png in Resources */ = {isa = PBXBuildFile; fileRef = 3088BBBC154F3926009F9C59 /* Default~iphone.png */; };
		308D05371370CCF300D202BF /* icon-72.png in Resources */ = {isa = PBXBuildFile; fileRef = 308D052E1370CCF300D202BF /* icon-72.png */; };
		308D05381370CCF300D202BF /* icon.png in Resources */ = {isa = PBXBuildFile; fileRef = 308D052F1370CCF300D202BF /* icon.png */; };
		308D05391370CCF300D202BF /* icon@2x.png in Resources */ = {isa = PBXBuildFile; fileRef = 308D05301370CCF300D202BF /* icon@2x.png */; };
		30A0434814DC770100060A13 /* Localizable.strings in Resources */ = {isa = PBXBuildFile; fileRef = 30A0434314DC770100060A13 /* Localizable.strings */; };
		30FC414916E50CA1004E6F35 /* icon-72@2x.png in Resources */ = {isa = PBXBuildFile; fileRef = 30FC414816E50CA1004E6F35 /* icon-72@2x.png */; };
		335C6F42D1A24526A94D27A7 /* SSZipArchive.m in Sources */ = {isa = PBXBuildFile; fileRef = B4B2C5A973774997B5E18742 /* SSZipArchive.m */; };
		3484EF7DF00543B38091D812 /* CDVDevice.m in Sources */ = {isa = PBXBuildFile; fileRef = 735562D03B05481A99EFA7E0 /* CDVDevice.m */; };
		3514C92880FA449CB61F2B5D /* CDVLocalFilesystem.m in Sources */ = {isa = PBXBuildFile; fileRef = 0D5B9915D0A54471986FF6A0 /* CDVLocalFilesystem.m */; };
		3D81A3E5C95841B0A73DA297 /* CDVCapture.bundle in Resources */ = {isa = PBXBuildFile; fileRef = 9AF8ABE141554D19879E46EC /* CDVCapture.bundle */; };
		3E491A1475EC41A29A617523 /* CDVGlobalization.m in Sources */ = {isa = PBXBuildFile; fileRef = 307BD7E5130A4AE88E75E018 /* CDVGlobalization.m */; };
		412B7DB9AAD146548181FF5B /* CoreBluetooth.framework in Frameworks */ = {isa = PBXBuildFile; fileRef = C0F99988E1464CF4AB7F46DD /* CoreBluetooth.framework */; };
		4214605BE0E94A438E387B38 /* ADBMobileConfig.json in Resources */ = {isa = PBXBuildFile; fileRef = 0493C7B0474B44C48A7D74BE /* ADBMobileConfig.json */; };
		46AF1EC552B94782A889D391 /* CDVCamera.m in Sources */ = {isa = PBXBuildFile; fileRef = 74DAAE8B50C445F5A1227C07 /* CDVCamera.m */; };
		4D5A712F41A14D93A17A55CD /* CDVConnection.m in Sources */ = {isa = PBXBuildFile; fileRef = 63FBBA82E7A044A3BD2A679D /* CDVConnection.m */; };
		4F338738FF11406BB701F3FE /* AddressBookUI.framework in Frameworks */ = {isa = PBXBuildFile; fileRef = 10706F7054634025AE4D17DF /* AddressBookUI.framework */; settings = {ATTRIBUTES = (Weak, ); }; };
		52B7CD5B966B484C9E63CF35 /* zip.c in Sources */ = {isa = PBXBuildFile; fileRef = 4B4A6DB5375649A4BB1CE01A /* zip.c */; };
		5706F37ED3504358BE1954A1 /* CDVStatusBar.m in Sources */ = {isa = PBXBuildFile; fileRef = 2265FC9C350A4CD9A4C1D770 /* CDVStatusBar.m */; };
		5B1594DD16A7569C00FEF299 /* AssetsLibrary.framework in Frameworks */ = {isa = PBXBuildFile; fileRef = 5B1594DC16A7569C00FEF299 /* AssetsLibrary.framework */; };
		5CCA322BE9A144948AB008F6 /* libsqlite3.dylib in Frameworks */ = {isa = PBXBuildFile; fileRef = 8A881EE82D9A4D338A9C4324 /* libsqlite3.dylib */; };
		5DC305E6BE834CC192E36320 /* CDVCapture.m in Sources */ = {isa = PBXBuildFile; fileRef = 29C45ABBBF9B4B9DB8D8831F /* CDVCapture.m */; };
		6A33A69E0BF1465985932246 /* CBPeripheral+Extensions.m in Sources */ = {isa = PBXBuildFile; fileRef = 398D245B80EE4F938D0E0201 /* CBPeripheral+Extensions.m */; };
		6E060C6234CB462F960E5745 /* CDVBattery.m in Sources */ = {isa = PBXBuildFile; fileRef = 6E81A1296415465DB7BB883C /* CDVBattery.m */; };
		7403D64668D24706A3F45688 /* CDVInAppBrowser.m in Sources */ = {isa = PBXBuildFile; fileRef = C0196D0F53F846F4B8577DF7 /* CDVInAppBrowser.m */; };
		7E7966DE1810823500FA85AD /* icon-40.png in Resources */ = {isa = PBXBuildFile; fileRef = 7E7966D41810823500FA85AD /* icon-40.png */; };
		7E7966DF1810823500FA85AD /* icon-40@2x.png in Resources */ = {isa = PBXBuildFile; fileRef = 7E7966D51810823500FA85AD /* icon-40@2x.png */; };
		7E7966E01810823500FA85AD /* icon-50.png in Resources */ = {isa = PBXBuildFile; fileRef = 7E7966D61810823500FA85AD /* icon-50.png */; };
		7E7966E11810823500FA85AD /* icon-50@2x.png in Resources */ = {isa = PBXBuildFile; fileRef = 7E7966D71810823500FA85AD /* icon-50@2x.png */; };
		7E7966E21810823500FA85AD /* icon-60.png in Resources */ = {isa = PBXBuildFile; fileRef = 7E7966D81810823500FA85AD /* icon-60.png */; };
		7E7966E31810823500FA85AD /* icon-60@2x.png in Resources */ = {isa = PBXBuildFile; fileRef = 7E7966D91810823500FA85AD /* icon-60@2x.png */; };
		7E7966E41810823500FA85AD /* icon-76.png in Resources */ = {isa = PBXBuildFile; fileRef = 7E7966DA1810823500FA85AD /* icon-76.png */; };
		7E7966E51810823500FA85AD /* icon-76@2x.png in Resources */ = {isa = PBXBuildFile; fileRef = 7E7966DB1810823500FA85AD /* icon-76@2x.png */; };
		7E7966E61810823500FA85AD /* icon-small.png in Resources */ = {isa = PBXBuildFile; fileRef = 7E7966DC1810823500FA85AD /* icon-small.png */; };
		7E7966E71810823500FA85AD /* icon-small@2x.png in Resources */ = {isa = PBXBuildFile; fileRef = 7E7966DD1810823500FA85AD /* icon-small@2x.png */; };
		814CAE49D94C412CBFBB2E94 /* CDVSplashScreen.m in Sources */ = {isa = PBXBuildFile; fileRef = 42C1819DCB3641788D8869F7 /* CDVSplashScreen.m */; };
		92BF3FFDA58D42ECB98E7CE4 /* CDVJpegHeaderWriter.m in Sources */ = {isa = PBXBuildFile; fileRef = C41B8E8FDBCE472CACBB4D6E /* CDVJpegHeaderWriter.m */; };
		998864F737CC4843A81926A0 /* CDVContact.m in Sources */ = {isa = PBXBuildFile; fileRef = AB656FDAF939413F949454A7 /* CDVContact.m */; };
		A12D2B9133F34749A63293C8 /* mztools.c in Sources */ = {isa = PBXBuildFile; fileRef = DD132CDEEBCA4D3D8BF2BF36 /* mztools.c */; };
		B400A5F678354987B4C25D62 /* CDVLogger.m in Sources */ = {isa = PBXBuildFile; fileRef = 5499A6A0057F484293707531 /* CDVLogger.m */; };
		B542D5486E98401FBD355DE0 /* unzip.c in Sources */ = {isa = PBXBuildFile; fileRef = 3FB4E7AB1C4845AA870B3054 /* unzip.c */; };
		C4DCF67F864C467EA738AC61 /* CDVCompass.m in Sources */ = {isa = PBXBuildFile; fileRef = 031490745D394964A04A2C1E /* CDVCompass.m */; };
		D11743A8DCB54B5DBDF8ACE5 /* BLECentralPlugin.m in Sources */ = {isa = PBXBuildFile; fileRef = 22CA3AA2A37E452F9A56EC3C /* BLECentralPlugin.m */; };
		D11A22C3C8744632BF5CBC28 /* CoreLocation.framework in Frameworks */ = {isa = PBXBuildFile; fileRef = F7CFD999956F4D13867B2C33 /* CoreLocation.framework */; };
		D34F36BB10194CA4AA98698E /* ContentSync.m in Sources */ = {isa = PBXBuildFile; fileRef = B22F65B224BA43DEB0461814 /* ContentSync.m */; };
		D4A0D8761607E02300AEF8BB /* Default-568h@2x~iphone.png in Resources */ = {isa = PBXBuildFile; fileRef = D4A0D8751607E02300AEF8BB /* Default-568h@2x~iphone.png */; };
		D5823294CFBB4D68AB81C7FC /* CDVReachability.m in Sources */ = {isa = PBXBuildFile; fileRef = A0B81C8545D94DF6A6DC74EA /* CDVReachability.m */; };
		DB975F061C57478781BB4C18 /* CDVLocation.m in Sources */ = {isa = PBXBuildFile; fileRef = 7AE988AEA1AB4AC4847935BB /* CDVLocation.m */; };
		DE44A9D2E71E4664A9278B40 /* SystemConfiguration.framework in Frameworks */ = {isa = PBXBuildFile; fileRef = 93EDD6C8FB7A40F7A1770D74 /* SystemConfiguration.framework */; settings = {ATTRIBUTES = (Weak, ); }; };
		E1E1D3C2595B4318B726F1C7 /* CDVVibration.m in Sources */ = {isa = PBXBuildFile; fileRef = CD8980366C4B41D68107675A /* CDVVibration.m */; };
		E8B0B0EB7BF74D829594B618 /* Foo.m in Sources */ = {isa = PBXBuildFile; fileRef = 889D9BAC44C945BD8876C372 /* Foo.m */; };
		EEC9446961FF4CDD914E4404 /* CDVSound.m in Sources */ = {isa = PBXBuildFile; fileRef = 1ABDE44709D2479391281491 /* CDVSound.m */; };
		F563AE3770174562A230B27D /* CoreMotion.framework in Frameworks */ = {isa = PBXBuildFile; fileRef = DF4776D8E9804C379B602AC6 /* CoreMotion.framework */; };
		F6979B27FDA2452DB9AEAC87 /* ioapi.c in Sources */ = {isa = PBXBuildFile; fileRef = CFE737F599EB4E3B84362A8B /* ioapi.c */; };
		F891CEEF4D634AD8836CB37B /* ImageIO.framework in Frameworks */ = {isa = PBXBuildFile; fileRef = 8307D30EB995426BAD8CA132 /* ImageIO.framework */; settings = {ATTRIBUTES = (Weak, ); }; };
		F94DDA4AFA3646BF91ECDF2B /* ADBMobile_PhoneGap.m in Sources */ = {isa = PBXBuildFile; fileRef = BC201A02C1E24E5492703742 /* ADBMobile_PhoneGap.m */; };
		FC7D4FBB37954033B3134B95 /* CDVFileTransfer.m in Sources */ = {isa = PBXBuildFile; fileRef = 5CB5882AFF0A49479BC87461 /* CDVFileTransfer.m */; };
/* End PBXBuildFile section */

/* Begin PBXContainerItemProxy section */
		301BF534109A57CC0062928A /* PBXContainerItemProxy */ = {
			isa = PBXContainerItemProxy;
			containerPortal = 301BF52D109A57CC0062928A /* CordovaLib.xcodeproj */;
			proxyType = 2;
			remoteGlobalIDString = D2AAC07E0554694100DB518D;
			remoteInfo = CordovaLib;
		};
		301BF550109A68C00062928A /* PBXContainerItemProxy */ = {
			isa = PBXContainerItemProxy;
			containerPortal = 301BF52D109A57CC0062928A /* CordovaLib.xcodeproj */;
			proxyType = 1;
			remoteGlobalIDString = D2AAC07D0554694100DB518D;
			remoteInfo = CordovaLib;
		};
/* End PBXContainerItemProxy section */

/* Begin PBXFileReference section */
		01063A49E671448194E2F427 /* CDVDevice.h */ = {isa = PBXFileReference; fileEncoding = 4; lastKnownFileType = sourcecode.c.h; name = CDVDevice.h; path = org.apache.cordova.device/CDVDevice.h; sourceTree = "<group>"; };
		014D520CAC0A4408B0DC4011 /* CDVInAppBrowser.h */ = {isa = PBXFileReference; fileEncoding = 4; lastKnownFileType = sourcecode.c.h; name = CDVInAppBrowser.h; path = org.apache.cordova.inappbrowser/CDVInAppBrowser.h; sourceTree = "<group>"; };
		031490745D394964A04A2C1E /* CDVCompass.m */ = {isa = PBXFileReference; fileEncoding = 4; lastKnownFileType = sourcecode.c.objc; name = CDVCompass.m; path = "org.apache.cordova.device-orientation/CDVCompass.m"; sourceTree = "<group>"; };
		0493C7B0474B44C48A7D74BE /* ADBMobileConfig.json */ = {isa = PBXFileReference; fileEncoding = 4; lastKnownFileType = unknown; path = ADBMobileConfig.json; sourceTree = "<group>"; };
		081BBB0ECEF64B7AAA293B4A /* CDVGlobalization.h */ = {isa = PBXFileReference; fileEncoding = 4; lastKnownFileType = sourcecode.c.h; name = CDVGlobalization.h; path = org.apache.cordova.globalization/CDVGlobalization.h; sourceTree = "<group>"; };
		0B9869FA80C64E8499769953 /* CDVLocation.h */ = {isa = PBXFileReference; fileEncoding = 4; lastKnownFileType = sourcecode.c.h; name = CDVLocation.h; path = org.apache.cordova.geolocation/CDVLocation.h; sourceTree = "<group>"; };
		0D5B9915D0A54471986FF6A0 /* CDVLocalFilesystem.m */ = {isa = PBXFileReference; fileEncoding = 4; lastKnownFileType = sourcecode.c.objc; name = CDVLocalFilesystem.m; path = org.apache.cordova.file/CDVLocalFilesystem.m; sourceTree = "<group>"; };
		10706F7054634025AE4D17DF /* AddressBookUI.framework */ = {isa = PBXFileReference; fileEncoding = 4; lastKnownFileType = wrapper.framework; name = AddressBookUI.framework; path = System/Library/Frameworks/AddressBookUI.framework; sourceTree = SDKROOT; };
		156E66932A6048DAA30F8A88 /* Insomnia.m */ = {isa = PBXFileReference; fileEncoding = 4; lastKnownFileType = sourcecode.c.objc; name = Insomnia.m; path = "nl.x-services.plugins.insomnia/Insomnia.m"; sourceTree = "<group>"; };
		1970A746C3F945548B52F3B3 /* CDVStatusBar.h */ = {isa = PBXFileReference; fileEncoding = 4; lastKnownFileType = sourcecode.c.h; name = CDVStatusBar.h; path = org.apache.cordova.statusbar/CDVStatusBar.h; sourceTree = "<group>"; };
		1ABDE44709D2479391281491 /* CDVSound.m */ = {isa = PBXFileReference; fileEncoding = 4; lastKnownFileType = sourcecode.c.objc; name = CDVSound.m; path = org.apache.cordova.media/CDVSound.m; sourceTree = "<group>"; };
		1D3623240D0F684500981E51 /* AppDelegate.h */ = {isa = PBXFileReference; fileEncoding = 4; lastKnownFileType = sourcecode.c.h; path = AppDelegate.h; sourceTree = "<group>"; };
		1D3623250D0F684500981E51 /* AppDelegate.m */ = {isa = PBXFileReference; fileEncoding = 4; lastKnownFileType = sourcecode.c.objc; path = AppDelegate.m; sourceTree = "<group>"; };
		1D6058910D05DD3D006BFB54 /* PhoneGap.app */ = {isa = PBXFileReference; explicitFileType = wrapper.application; includeInIndex = 0; path = PhoneGap.app; sourceTree = BUILT_PRODUCTS_DIR; };
		1F766FDD13BBADB100FB74C0 /* en */ = {isa = PBXFileReference; lastKnownFileType = text.plist.strings; name = en; path = Localizable.strings; sourceTree = "<group>"; };
		1F766FE013BBADB100FB74C0 /* es */ = {isa = PBXFileReference; lastKnownFileType = text.plist.strings; name = es; path = Localizable.strings; sourceTree = "<group>"; };
		2043FA416D114E0E8041B66F /* CDVAccelerometer.m */ = {isa = PBXFileReference; fileEncoding = 4; lastKnownFileType = sourcecode.c.objc; name = CDVAccelerometer.m; path = "org.apache.cordova.device-motion/CDVAccelerometer.m"; sourceTree = "<group>"; };
		2265FC9C350A4CD9A4C1D770 /* CDVStatusBar.m */ = {isa = PBXFileReference; fileEncoding = 4; lastKnownFileType = sourcecode.c.objc; name = CDVStatusBar.m; path = org.apache.cordova.statusbar/CDVStatusBar.m; sourceTree = "<group>"; };
		22AEAA8A3B604CBF908B826B /* mztools.h */ = {isa = PBXFileReference; fileEncoding = 4; lastKnownFileType = sourcecode.c.h; name = mztools.h; path = "phonegap-plugin-contentsync/minizip/mztools.h"; sourceTree = "<group>"; };
		22CA3AA2A37E452F9A56EC3C /* BLECentralPlugin.m */ = {isa = PBXFileReference; fileEncoding = 4; lastKnownFileType = sourcecode.c.objc; name = BLECentralPlugin.m; path = com.megster.cordova.ble/BLECentralPlugin/BLECentralPlugin.m; sourceTree = "<group>"; };
		2511F71F89EC4D07A96D299D /* CDVCamera.h */ = {isa = PBXFileReference; fileEncoding = 4; lastKnownFileType = sourcecode.c.h; name = CDVCamera.h; path = org.apache.cordova.camera/CDVCamera.h; sourceTree = "<group>"; };
		288765FC0DF74451002DB57D /* CoreGraphics.framework */ = {isa = PBXFileReference; lastKnownFileType = wrapper.framework; name = CoreGraphics.framework; path = System/Library/Frameworks/CoreGraphics.framework; sourceTree = SDKROOT; };
		29B97316FDCFA39411CA2CEA /* main.m */ = {isa = PBXFileReference; fileEncoding = 4; lastKnownFileType = sourcecode.c.objc; path = main.m; sourceTree = "<group>"; };
		29C45ABBBF9B4B9DB8D8831F /* CDVCapture.m */ = {isa = PBXFileReference; fileEncoding = 4; lastKnownFileType = sourcecode.c.objc; name = CDVCapture.m; path = "org.apache.cordova.media-capture/CDVCapture.m"; sourceTree = "<group>"; };
		2AA18D9E2CBC431AAD0FFEFB /* AudioToolbox.framework */ = {isa = PBXFileReference; fileEncoding = 4; lastKnownFileType = wrapper.framework; name = AudioToolbox.framework; path = System/Library/Frameworks/AudioToolbox.framework; sourceTree = SDKROOT; };
		2E7C66908D6F405C90098657 /* CDVContacts.h */ = {isa = PBXFileReference; fileEncoding = 4; lastKnownFileType = sourcecode.c.h; name = CDVContacts.h; path = org.apache.cordova.contacts/CDVContacts.h; sourceTree = "<group>"; };
		2EAD505FD92343D7997796E3 /* CDVNotification.h */ = {isa = PBXFileReference; fileEncoding = 4; lastKnownFileType = sourcecode.c.h; name = CDVNotification.h; path = org.apache.cordova.dialogs/CDVNotification.h; sourceTree = "<group>"; };
		301BF52D109A57CC0062928A /* CordovaLib.xcodeproj */ = {isa = PBXFileReference; lastKnownFileType = "wrapper.pb-project"; name = CordovaLib.xcodeproj; path = CordovaLib/CordovaLib.xcodeproj; sourceTree = "<group>"; };
		301BF56E109A69640062928A /* www */ = {isa = PBXFileReference; lastKnownFileType = folder; path = www; sourceTree = SOURCE_ROOT; };
		302D95EE14D2391D003F00A1 /* MainViewController.h */ = {isa = PBXFileReference; fileEncoding = 4; lastKnownFileType = sourcecode.c.h; path = MainViewController.h; sourceTree = "<group>"; };
		302D95EF14D2391D003F00A1 /* MainViewController.m */ = {isa = PBXFileReference; fileEncoding = 4; lastKnownFileType = sourcecode.c.objc; path = MainViewController.m; sourceTree = "<group>"; };
		302D95F014D2391D003F00A1 /* MainViewController.xib */ = {isa = PBXFileReference; fileEncoding = 4; lastKnownFileType = file.xib; path = MainViewController.xib; sourceTree = "<group>"; };
		305D5FD0115AB8F900A74A75 /* MobileCoreServices.framework */ = {isa = PBXFileReference; lastKnownFileType = wrapper.framework; name = MobileCoreServices.framework; path = System/Library/Frameworks/MobileCoreServices.framework; sourceTree = SDKROOT; };
		307BD7E5130A4AE88E75E018 /* CDVGlobalization.m */ = {isa = PBXFileReference; fileEncoding = 4; lastKnownFileType = sourcecode.c.objc; name = CDVGlobalization.m; path = org.apache.cordova.globalization/CDVGlobalization.m; sourceTree = "<group>"; };
		3088BBB7154F3926009F9C59 /* Default-Landscape@2x~ipad.png */ = {isa = PBXFileReference; lastKnownFileType = image.png; path = "Default-Landscape@2x~ipad.png"; sourceTree = "<group>"; };
		3088BBB8154F3926009F9C59 /* Default-Landscape~ipad.png */ = {isa = PBXFileReference; lastKnownFileType = image.png; path = "Default-Landscape~ipad.png"; sourceTree = "<group>"; };
		3088BBB9154F3926009F9C59 /* Default-Portrait@2x~ipad.png */ = {isa = PBXFileReference; lastKnownFileType = image.png; path = "Default-Portrait@2x~ipad.png"; sourceTree = "<group>"; };
		3088BBBA154F3926009F9C59 /* Default-Portrait~ipad.png */ = {isa = PBXFileReference; lastKnownFileType = image.png; path = "Default-Portrait~ipad.png"; sourceTree = "<group>"; };
		3088BBBB154F3926009F9C59 /* Default@2x~iphone.png */ = {isa = PBXFileReference; lastKnownFileType = image.png; path = "Default@2x~iphone.png"; sourceTree = "<group>"; };
		3088BBBC154F3926009F9C59 /* Default~iphone.png */ = {isa = PBXFileReference; lastKnownFileType = image.png; path = "Default~iphone.png"; sourceTree = "<group>"; };
		308D052E1370CCF300D202BF /* icon-72.png */ = {isa = PBXFileReference; lastKnownFileType = image.png; path = "icon-72.png"; sourceTree = "<group>"; };
		308D052F1370CCF300D202BF /* icon.png */ = {isa = PBXFileReference; lastKnownFileType = image.png; path = icon.png; sourceTree = "<group>"; };
		308D05301370CCF300D202BF /* icon@2x.png */ = {isa = PBXFileReference; lastKnownFileType = image.png; path = "icon@2x.png"; sourceTree = "<group>"; };
		30A0434414DC770100060A13 /* de */ = {isa = PBXFileReference; lastKnownFileType = text.plist.strings; name = de; path = Localizable.strings; sourceTree = "<group>"; };
		30A0434714DC770100060A13 /* se */ = {isa = PBXFileReference; lastKnownFileType = text.plist.strings; name = se; path = Localizable.strings; sourceTree = "<group>"; };
		30FC414816E50CA1004E6F35 /* icon-72@2x.png */ = {isa = PBXFileReference; lastKnownFileType = image.png; path = "icon-72@2x.png"; sourceTree = "<group>"; };
		32CA4F630368D1EE00C91783 /* PhoneGap-Prefix.pch */ = {isa = PBXFileReference; fileEncoding = 4; lastKnownFileType = sourcecode.c.h; path = "PhoneGap-Prefix.pch"; sourceTree = "<group>"; };
		398D245B80EE4F938D0E0201 /* CBPeripheral+Extensions.m */ = {isa = PBXFileReference; fileEncoding = 4; lastKnownFileType = sourcecode.c.objc; name = "CBPeripheral+Extensions.m"; path = "com.megster.cordova.ble/BLECentralPlugin/CBPeripheral+Extensions.m"; sourceTree = "<group>"; };
		3C9B7F14DF7649609D106623 /* AdobeMobileLibrary.a */ = {isa = PBXFileReference; fileEncoding = 4; lastKnownFileType = archive.ar; name = AdobeMobileLibrary.a; path = PhoneGap/Plugins/ADBMobile/AdobeMobileLibrary.a; sourceTree = "<group>"; };
		3FB4E7AB1C4845AA870B3054 /* unzip.c */ = {isa = PBXFileReference; fileEncoding = 4; lastKnownFileType = unknown; name = unzip.c; path = "phonegap-plugin-contentsync/minizip/unzip.c"; sourceTree = "<group>"; };
		405787BE8EB547C7BE41CCC8 /* libz.dylib */ = {isa = PBXFileReference; fileEncoding = 4; lastKnownFileType = "compiled.mach-o.dylib"; name = libz.dylib; path = usr/lib/libz.dylib; sourceTree = SDKROOT; };
		426F5794619D403F8A87645B /* CDVCapture.h */ = {isa = PBXFileReference; fileEncoding = 4; lastKnownFileType = sourcecode.c.h; name = CDVCapture.h; path = "org.apache.cordova.media-capture/CDVCapture.h"; sourceTree = "<group>"; };
		42C1819DCB3641788D8869F7 /* CDVSplashScreen.m */ = {isa = PBXFileReference; fileEncoding = 4; lastKnownFileType = sourcecode.c.objc; name = CDVSplashScreen.m; path = org.apache.cordova.splashscreen/CDVSplashScreen.m; sourceTree = "<group>"; };
		442635DB607048C9954B8F8D /* CDVBattery.h */ = {isa = PBXFileReference; fileEncoding = 4; lastKnownFileType = sourcecode.c.h; name = CDVBattery.h; path = "org.apache.cordova.battery-status/CDVBattery.h"; sourceTree = "<group>"; };
		4B0917DF26A94C6DA495DA06 /* CDVJpegHeaderWriter.h */ = {isa = PBXFileReference; fileEncoding = 4; lastKnownFileType = sourcecode.c.h; name = CDVJpegHeaderWriter.h; path = org.apache.cordova.camera/CDVJpegHeaderWriter.h; sourceTree = "<group>"; };
		4B4A6DB5375649A4BB1CE01A /* zip.c */ = {isa = PBXFileReference; fileEncoding = 4; lastKnownFileType = unknown; name = zip.c; path = "phonegap-plugin-contentsync/minizip/zip.c"; sourceTree = "<group>"; };
		4D77E8B9F6FE4D158FBE098E /* CBPeripheral+Extensions.h */ = {isa = PBXFileReference; fileEncoding = 4; lastKnownFileType = sourcecode.c.h; name = "CBPeripheral+Extensions.h"; path = "com.megster.cordova.ble/BLECentralPlugin/CBPeripheral+Extensions.h"; sourceTree = "<group>"; };
		5499A6A0057F484293707531 /* CDVLogger.m */ = {isa = PBXFileReference; fileEncoding = 4; lastKnownFileType = sourcecode.c.objc; name = CDVLogger.m; path = org.apache.cordova.console/CDVLogger.m; sourceTree = "<group>"; };
		5AA966F690C6476B9A4BFD98 /* CDVAssetLibraryFilesystem.h */ = {isa = PBXFileReference; fileEncoding = 4; lastKnownFileType = sourcecode.c.h; name = CDVAssetLibraryFilesystem.h; path = org.apache.cordova.file/CDVAssetLibraryFilesystem.h; sourceTree = "<group>"; };
		5B08992098984DC28A2545FA /* CDVConnection.h */ = {isa = PBXFileReference; fileEncoding = 4; lastKnownFileType = sourcecode.c.h; name = CDVConnection.h; path = "org.apache.cordova.network-information/CDVConnection.h"; sourceTree = "<group>"; };
		5B1594DC16A7569C00FEF299 /* AssetsLibrary.framework */ = {isa = PBXFileReference; lastKnownFileType = wrapper.framework; name = AssetsLibrary.framework; path = System/Library/Frameworks/AssetsLibrary.framework; sourceTree = SDKROOT; };
		5CB5882AFF0A49479BC87461 /* CDVFileTransfer.m */ = {isa = PBXFileReference; fileEncoding = 4; lastKnownFileType = sourcecode.c.objc; name = CDVFileTransfer.m; path = "org.apache.cordova.file-transfer/CDVFileTransfer.m"; sourceTree = "<group>"; };
		5CF084624D1B4339B77BBA7C /* AddressBook.framework */ = {isa = PBXFileReference; fileEncoding = 4; lastKnownFileType = wrapper.framework; name = AddressBook.framework; path = System/Library/Frameworks/AddressBook.framework; sourceTree = SDKROOT; };
		5FB9F29D903C433BBAD13C5E /* ADBMobile_PhoneGap.h */ = {isa = PBXFileReference; fileEncoding = 4; lastKnownFileType = sourcecode.c.h; name = ADBMobile_PhoneGap.h; path = ADBMobile/ADBMobile_PhoneGap.h; sourceTree = "<group>"; };
		63FBBA82E7A044A3BD2A679D /* CDVConnection.m */ = {isa = PBXFileReference; fileEncoding = 4; lastKnownFileType = sourcecode.c.objc; name = CDVConnection.m; path = "org.apache.cordova.network-information/CDVConnection.m"; sourceTree = "<group>"; };
		6799A24F58634C3E96038E56 /* CDVSound.h */ = {isa = PBXFileReference; fileEncoding = 4; lastKnownFileType = sourcecode.c.h; name = CDVSound.h; path = org.apache.cordova.media/CDVSound.h; sourceTree = "<group>"; };
		6AE2F3F07C734551860DBC8E /* crypt.h */ = {isa = PBXFileReference; fileEncoding = 4; lastKnownFileType = sourcecode.c.h; name = crypt.h; path = "phonegap-plugin-contentsync/minizip/crypt.h"; sourceTree = "<group>"; };
		6E81A1296415465DB7BB883C /* CDVBattery.m */ = {isa = PBXFileReference; fileEncoding = 4; lastKnownFileType = sourcecode.c.objc; name = CDVBattery.m; path = "org.apache.cordova.battery-status/CDVBattery.m"; sourceTree = "<group>"; };
		735562D03B05481A99EFA7E0 /* CDVDevice.m */ = {isa = PBXFileReference; fileEncoding = 4; lastKnownFileType = sourcecode.c.objc; name = CDVDevice.m; path = org.apache.cordova.device/CDVDevice.m; sourceTree = "<group>"; };
		74DAAE8B50C445F5A1227C07 /* CDVCamera.m */ = {isa = PBXFileReference; fileEncoding = 4; lastKnownFileType = sourcecode.c.objc; name = CDVCamera.m; path = org.apache.cordova.camera/CDVCamera.m; sourceTree = "<group>"; };
		783CF5FE622E4FADA57928DA /* CDVCompass.h */ = {isa = PBXFileReference; fileEncoding = 4; lastKnownFileType = sourcecode.c.h; name = CDVCompass.h; path = "org.apache.cordova.device-orientation/CDVCompass.h"; sourceTree = "<group>"; };
		78F60133EDFE4C69865BC720 /* CDVFile.h */ = {isa = PBXFileReference; fileEncoding = 4; lastKnownFileType = sourcecode.c.h; name = CDVFile.h; path = org.apache.cordova.file/CDVFile.h; sourceTree = "<group>"; };
		7A71677A205344698C3D0187 /* CDVExif.h */ = {isa = PBXFileReference; fileEncoding = 4; lastKnownFileType = sourcecode.c.h; name = CDVExif.h; path = org.apache.cordova.camera/CDVExif.h; sourceTree = "<group>"; };
		7A93E8B159CA4F7E906227B3 /* CDVSplashScreen.h */ = {isa = PBXFileReference; fileEncoding = 4; lastKnownFileType = sourcecode.c.h; name = CDVSplashScreen.h; path = org.apache.cordova.splashscreen/CDVSplashScreen.h; sourceTree = "<group>"; };
		7AE988AEA1AB4AC4847935BB /* CDVLocation.m */ = {isa = PBXFileReference; fileEncoding = 4; lastKnownFileType = sourcecode.c.objc; name = CDVLocation.m; path = org.apache.cordova.geolocation/CDVLocation.m; sourceTree = "<group>"; };
		7C5D0EFC755042A7AB7565A2 /* Insomnia.h */ = {isa = PBXFileReference; fileEncoding = 4; lastKnownFileType = sourcecode.c.h; name = Insomnia.h; path = "nl.x-services.plugins.insomnia/Insomnia.h"; sourceTree = "<group>"; };
		7E7966D41810823500FA85AD /* icon-40.png */ = {isa = PBXFileReference; lastKnownFileType = image.png; path = "icon-40.png"; sourceTree = "<group>"; };
		7E7966D51810823500FA85AD /* icon-40@2x.png */ = {isa = PBXFileReference; lastKnownFileType = image.png; path = "icon-40@2x.png"; sourceTree = "<group>"; };
		7E7966D61810823500FA85AD /* icon-50.png */ = {isa = PBXFileReference; lastKnownFileType = image.png; path = "icon-50.png"; sourceTree = "<group>"; };
		7E7966D71810823500FA85AD /* icon-50@2x.png */ = {isa = PBXFileReference; lastKnownFileType = image.png; path = "icon-50@2x.png"; sourceTree = "<group>"; };
		7E7966D81810823500FA85AD /* icon-60.png */ = {isa = PBXFileReference; lastKnownFileType = image.png; path = "icon-60.png"; sourceTree = "<group>"; };
		7E7966D91810823500FA85AD /* icon-60@2x.png */ = {isa = PBXFileReference; lastKnownFileType = image.png; path = "icon-60@2x.png"; sourceTree = "<group>"; };
		7E7966DA1810823500FA85AD /* icon-76.png */ = {isa = PBXFileReference; lastKnownFileType = image.png; path = "icon-76.png"; sourceTree = "<group>"; };
		7E7966DB1810823500FA85AD /* icon-76@2x.png */ = {isa = PBXFileReference; lastKnownFileType = image.png; path = "icon-76@2x.png"; sourceTree = "<group>"; };
		7E7966DC1810823500FA85AD /* icon-small.png */ = {isa = PBXFileReference; lastKnownFileType = image.png; path = "icon-small.png"; sourceTree = "<group>"; };
		7E7966DD1810823500FA85AD /* icon-small@2x.png */ = {isa = PBXFileReference; lastKnownFileType = image.png; path = "icon-small@2x.png"; sourceTree = "<group>"; };
		7FE381A1CD9B40D1BD1BEB98 /* ioapi.h */ = {isa = PBXFileReference; fileEncoding = 4; lastKnownFileType = sourcecode.c.h; name = ioapi.h; path = "phonegap-plugin-contentsync/minizip/ioapi.h"; sourceTree = "<group>"; };
		8307D30EB995426BAD8CA132 /* ImageIO.framework */ = {isa = PBXFileReference; fileEncoding = 4; lastKnownFileType = wrapper.framework; name = ImageIO.framework; path = System/Library/Frameworks/ImageIO.framework; sourceTree = SDKROOT; };
		889D9BAC44C945BD8876C372 /* Foo.m */ = {isa = PBXFileReference; fileEncoding = 4; lastKnownFileType = sourcecode.c.objc; name = Foo.m; path = com.megster.cordova.ble/BLECentralPlugin/Foo.m; sourceTree = "<group>"; };
		8A881EE82D9A4D338A9C4324 /* libsqlite3.dylib */ = {isa = PBXFileReference; fileEncoding = 4; lastKnownFileType = "compiled.mach-o.dylib"; name = libsqlite3.dylib; path = usr/lib/libsqlite3.dylib; sourceTree = SDKROOT; };
		8BBA891B028744BDB3CE2978 /* unzip.h */ = {isa = PBXFileReference; fileEncoding = 4; lastKnownFileType = sourcecode.c.h; name = unzip.h; path = "phonegap-plugin-contentsync/minizip/unzip.h"; sourceTree = "<group>"; };
		8D1107310486CEB800E47090 /* PhoneGap-Info.plist */ = {isa = PBXFileReference; fileEncoding = 4; lastKnownFileType = text.plist.xml; name = "PhoneGap-Info.plist"; path = "../PhoneGap-Info.plist"; plistStructureDefinitionIdentifier = "com.apple.xcode.plist.structure-definition.iphone.info-plist"; sourceTree = "<group>"; };
		8F8CBA35D58540F0A8048B86 /* ADBMobile.h */ = {isa = PBXFileReference; fileEncoding = 4; lastKnownFileType = sourcecode.c.h; name = ADBMobile.h; path = ADBMobile/ADBMobile.h; sourceTree = "<group>"; };
		93EDD6C8FB7A40F7A1770D74 /* SystemConfiguration.framework */ = {isa = PBXFileReference; fileEncoding = 4; lastKnownFileType = wrapper.framework; name = SystemConfiguration.framework; path = System/Library/Frameworks/SystemConfiguration.framework; sourceTree = SDKROOT; };
		9490F1CD057A40EDBFC4BC06 /* CDVNotification.m */ = {isa = PBXFileReference; fileEncoding = 4; lastKnownFileType = sourcecode.c.objc; name = CDVNotification.m; path = org.apache.cordova.dialogs/CDVNotification.m; sourceTree = "<group>"; };
		97B97B6A417045F3B2B762C7 /* CDVLogger.h */ = {isa = PBXFileReference; fileEncoding = 4; lastKnownFileType = sourcecode.c.h; name = CDVLogger.h; path = org.apache.cordova.console/CDVLogger.h; sourceTree = "<group>"; };
		97C852E2188044FC99C823B6 /* zip.h */ = {isa = PBXFileReference; fileEncoding = 4; lastKnownFileType = sourcecode.c.h; name = zip.h; path = "phonegap-plugin-contentsync/minizip/zip.h"; sourceTree = "<group>"; };
		9AB9308F2A6F457B9EA931BF /* SSZipArchive.h */ = {isa = PBXFileReference; fileEncoding = 4; lastKnownFileType = sourcecode.c.h; name = SSZipArchive.h; path = "phonegap-plugin-contentsync/minizip/SSZipArchive.h"; sourceTree = "<group>"; };
		9AF8ABE141554D19879E46EC /* CDVCapture.bundle */ = {isa = PBXFileReference; lastKnownFileType = "wrapper.plug-in"; path = CDVCapture.bundle; sourceTree = "<group>"; };
		9C041C43480F410F9E73B0D3 /* CDVAccelerometer.h */ = {isa = PBXFileReference; fileEncoding = 4; lastKnownFileType = sourcecode.c.h; name = CDVAccelerometer.h; path = "org.apache.cordova.device-motion/CDVAccelerometer.h"; sourceTree = "<group>"; };
		A0B81C8545D94DF6A6DC74EA /* CDVReachability.m */ = {isa = PBXFileReference; fileEncoding = 4; lastKnownFileType = sourcecode.c.objc; name = CDVReachability.m; path = "org.apache.cordova.network-information/CDVReachability.m"; sourceTree = "<group>"; };
		AB656FDAF939413F949454A7 /* CDVContact.m */ = {isa = PBXFileReference; fileEncoding = 4; lastKnownFileType = sourcecode.c.objc; name = CDVContact.m; path = org.apache.cordova.contacts/CDVContact.m; sourceTree = "<group>"; };
		B22F65B224BA43DEB0461814 /* ContentSync.m */ = {isa = PBXFileReference; fileEncoding = 4; lastKnownFileType = sourcecode.c.objc; name = ContentSync.m; path = "phonegap-plugin-contentsync/ContentSync.m"; sourceTree = "<group>"; };
		B2DAF3AFA19E4A7D8316173B /* BLECentralPlugin.h */ = {isa = PBXFileReference; fileEncoding = 4; lastKnownFileType = sourcecode.c.h; name = BLECentralPlugin.h; path = com.megster.cordova.ble/BLECentralPlugin/BLECentralPlugin.h; sourceTree = "<group>"; };
		B4B2C5A973774997B5E18742 /* SSZipArchive.m */ = {isa = PBXFileReference; fileEncoding = 4; lastKnownFileType = sourcecode.c.objc; name = SSZipArchive.m; path = "phonegap-plugin-contentsync/minizip/SSZipArchive.m"; sourceTree = "<group>"; };
		B4FDF8BEF934459FA2052FC2 /* CDVFile.m */ = {isa = PBXFileReference; fileEncoding = 4; lastKnownFileType = sourcecode.c.objc; name = CDVFile.m; path = org.apache.cordova.file/CDVFile.m; sourceTree = "<group>"; };
		BB7CEF0F42B449B4B8A435C2 /* CDVFileTransfer.h */ = {isa = PBXFileReference; fileEncoding = 4; lastKnownFileType = sourcecode.c.h; name = CDVFileTransfer.h; path = "org.apache.cordova.file-transfer/CDVFileTransfer.h"; sourceTree = "<group>"; };
		BC201A02C1E24E5492703742 /* ADBMobile_PhoneGap.m */ = {isa = PBXFileReference; fileEncoding = 4; lastKnownFileType = sourcecode.c.objc; name = ADBMobile_PhoneGap.m; path = ADBMobile/ADBMobile_PhoneGap.m; sourceTree = "<group>"; };
		BF7FAA7F6CC642D7BBCC47E9 /* CDVContact.h */ = {isa = PBXFileReference; fileEncoding = 4; lastKnownFileType = sourcecode.c.h; name = CDVContact.h; path = org.apache.cordova.contacts/CDVContact.h; sourceTree = "<group>"; };
		BF840BFFCFAE48A496C6A15E /* CDVAssetLibraryFilesystem.m */ = {isa = PBXFileReference; fileEncoding = 4; lastKnownFileType = sourcecode.c.objc; name = CDVAssetLibraryFilesystem.m; path = org.apache.cordova.file/CDVAssetLibraryFilesystem.m; sourceTree = "<group>"; };
		C0196D0F53F846F4B8577DF7 /* CDVInAppBrowser.m */ = {isa = PBXFileReference; fileEncoding = 4; lastKnownFileType = sourcecode.c.objc; name = CDVInAppBrowser.m; path = org.apache.cordova.inappbrowser/CDVInAppBrowser.m; sourceTree = "<group>"; };
		C0F99988E1464CF4AB7F46DD /* CoreBluetooth.framework */ = {isa = PBXFileReference; fileEncoding = 4; lastKnownFileType = wrapper.framework; name = CoreBluetooth.framework; path = System/Library/Frameworks/CoreBluetooth.framework; sourceTree = SDKROOT; };
		C41B8E8FDBCE472CACBB4D6E /* CDVJpegHeaderWriter.m */ = {isa = PBXFileReference; fileEncoding = 4; lastKnownFileType = sourcecode.c.objc; name = CDVJpegHeaderWriter.m; path = org.apache.cordova.camera/CDVJpegHeaderWriter.m; sourceTree = "<group>"; };
		C8CC7DAD35284D3480540E68 /* ContentSync.h */ = {isa = PBXFileReference; fileEncoding = 4; lastKnownFileType = sourcecode.c.h; name = ContentSync.h; path = "phonegap-plugin-contentsync/ContentSync.h"; sourceTree = "<group>"; };
		CD8980366C4B41D68107675A /* CDVVibration.m */ = {isa = PBXFileReference; fileEncoding = 4; lastKnownFileType = sourcecode.c.objc; name = CDVVibration.m; path = org.apache.cordova.vibration/CDVVibration.m; sourceTree = "<group>"; };
		CEF3FC1E1CC144D28B9EB35C /* Foo.h */ = {isa = PBXFileReference; fileEncoding = 4; lastKnownFileType = sourcecode.c.h; name = Foo.h; path = com.megster.cordova.ble/BLECentralPlugin/Foo.h; sourceTree = "<group>"; };
		CFE737F599EB4E3B84362A8B /* ioapi.c */ = {isa = PBXFileReference; fileEncoding = 4; lastKnownFileType = unknown; name = ioapi.c; path = "phonegap-plugin-contentsync/minizip/ioapi.c"; sourceTree = "<group>"; };
		D4267F60EBBD47DE9CA82815 /* CDVLocalFilesystem.h */ = {isa = PBXFileReference; fileEncoding = 4; lastKnownFileType = sourcecode.c.h; name = CDVLocalFilesystem.h; path = org.apache.cordova.file/CDVLocalFilesystem.h; sourceTree = "<group>"; };
		D4A0D8751607E02300AEF8BB /* Default-568h@2x~iphone.png */ = {isa = PBXFileReference; lastKnownFileType = image.png; path = "Default-568h@2x~iphone.png"; sourceTree = "<group>"; };
		D53BDB420EA0490E8C5798D5 /* CDVNotification.bundle */ = {isa = PBXFileReference; lastKnownFileType = "wrapper.plug-in"; path = CDVNotification.bundle; sourceTree = "<group>"; };
		DD132CDEEBCA4D3D8BF2BF36 /* mztools.c */ = {isa = PBXFileReference; fileEncoding = 4; lastKnownFileType = unknown; name = mztools.c; path = "phonegap-plugin-contentsync/minizip/mztools.c"; sourceTree = "<group>"; };
		DD5FD0932BF84306A0EE034F /* CDVContacts.m */ = {isa = PBXFileReference; fileEncoding = 4; lastKnownFileType = sourcecode.c.objc; name = CDVContacts.m; path = org.apache.cordova.contacts/CDVContacts.m; sourceTree = "<group>"; };
		DF4776D8E9804C379B602AC6 /* CoreMotion.framework */ = {isa = PBXFileReference; fileEncoding = 4; lastKnownFileType = wrapper.framework; name = CoreMotion.framework; path = System/Library/Frameworks/CoreMotion.framework; sourceTree = SDKROOT; };
		E50A8CE8ADA24797BB2D36E9 /* CDVReachability.h */ = {isa = PBXFileReference; fileEncoding = 4; lastKnownFileType = sourcecode.c.h; name = CDVReachability.h; path = "org.apache.cordova.network-information/CDVReachability.h"; sourceTree = "<group>"; };
		EB87FDF21871DA7A0020F90C /* merges */ = {isa = PBXFileReference; lastKnownFileType = folder; name = merges; path = ../../merges; sourceTree = "<group>"; };
		EB87FDF31871DA8E0020F90C /* www */ = {isa = PBXFileReference; lastKnownFileType = folder; name = www; path = ../../www; sourceTree = "<group>"; };
		EB87FDF41871DAF40020F90C /* config.xml */ = {isa = PBXFileReference; lastKnownFileType = text.xml; name = config.xml; path = ../../config.xml; sourceTree = "<group>"; };
		F7CFD999956F4D13867B2C33 /* CoreLocation.framework */ = {isa = PBXFileReference; fileEncoding = 4; lastKnownFileType = wrapper.framework; name = CoreLocation.framework; path = System/Library/Frameworks/CoreLocation.framework; sourceTree = SDKROOT; };
		F840E1F0165FE0F500CFE078 /* config.xml */ = {isa = PBXFileReference; lastKnownFileType = text.xml; name = config.xml; path = PhoneGap/config.xml; sourceTree = "<group>"; };
		FD48CED150144861B05F661A /* CDVVibration.h */ = {isa = PBXFileReference; fileEncoding = 4; lastKnownFileType = sourcecode.c.h; name = CDVVibration.h; path = org.apache.cordova.vibration/CDVVibration.h; sourceTree = "<group>"; };
/* End PBXFileReference section */

/* Begin PBXFrameworksBuildPhase section */
		1D60588F0D05DD3D006BFB54 /* Frameworks */ = {
			isa = PBXFrameworksBuildPhase;
			buildActionMask = 2147483647;
			files = (
				27D214521B8D0AB00028DB5F /* libz.dylib in Frameworks */,
				5B1594DD16A7569C00FEF299 /* AssetsLibrary.framework in Frameworks */,
				301BF552109A68D80062928A /* libCordova.a in Frameworks */,
				288765FD0DF74451002DB57D /* CoreGraphics.framework in Frameworks */,
				305D5FD1115AB8F900A74A75 /* MobileCoreServices.framework in Frameworks */,
				D11A22C3C8744632BF5CBC28 /* CoreLocation.framework in Frameworks */,
				DE44A9D2E71E4664A9278B40 /* SystemConfiguration.framework in Frameworks */,
				0DCE7BF16F9249829D07C719 /* AudioToolbox.framework in Frameworks */,
				F891CEEF4D634AD8836CB37B /* ImageIO.framework in Frameworks */,
				0331A4D1B9B74A618A5F7291 /* AddressBook.framework in Frameworks */,
				4F338738FF11406BB701F3FE /* AddressBookUI.framework in Frameworks */,
				F563AE3770174562A230B27D /* CoreMotion.framework in Frameworks */,
				1B9297F16F1C45D7A74F448C /* AdobeMobileLibrary.a in Frameworks */,
				5CCA322BE9A144948AB008F6 /* libsqlite3.dylib in Frameworks */,
				412B7DB9AAD146548181FF5B /* CoreBluetooth.framework in Frameworks */,
			);
			runOnlyForDeploymentPostprocessing = 0;
		};
/* End PBXFrameworksBuildPhase section */

/* Begin PBXGroup section */
		080E96DDFE201D6D7F000001 /* Classes */ = {
			isa = PBXGroup;
			children = (
				302D95EE14D2391D003F00A1 /* MainViewController.h */,
				302D95EF14D2391D003F00A1 /* MainViewController.m */,
				302D95F014D2391D003F00A1 /* MainViewController.xib */,
				1D3623240D0F684500981E51 /* AppDelegate.h */,
				1D3623250D0F684500981E51 /* AppDelegate.m */,
			);
			name = Classes;
			path = PhoneGap/Classes;
			sourceTree = SOURCE_ROOT;
		};
		19C28FACFE9D520D11CA2CBB /* Products */ = {
			isa = PBXGroup;
			children = (
				1D6058910D05DD3D006BFB54 /* PhoneGap.app */,
			);
			name = Products;
			sourceTree = "<group>";
		};
		1F766FDB13BBADB100FB74C0 /* en.lproj */ = {
			isa = PBXGroup;
			children = (
				1F766FDC13BBADB100FB74C0 /* Localizable.strings */,
			);
			path = en.lproj;
			sourceTree = "<group>";
		};
		1F766FDE13BBADB100FB74C0 /* es.lproj */ = {
			isa = PBXGroup;
			children = (
				1F766FDF13BBADB100FB74C0 /* Localizable.strings */,
			);
			path = es.lproj;
			sourceTree = "<group>";
		};
		29B97314FDCFA39411CA2CEA /* CustomTemplate */ = {
			isa = PBXGroup;
			children = (
				EB87FDF41871DAF40020F90C /* config.xml */,
				EB87FDF31871DA8E0020F90C /* www */,
				EB87FDF21871DA7A0020F90C /* merges */,
				EB87FDF11871DA420020F90C /* Staging */,
				301BF52D109A57CC0062928A /* CordovaLib.xcodeproj */,
				080E96DDFE201D6D7F000001 /* Classes */,
				307C750510C5A3420062BCA9 /* Plugins */,
				29B97315FDCFA39411CA2CEA /* Other Sources */,
				29B97317FDCFA39411CA2CEA /* Resources */,
				29B97323FDCFA39411CA2CEA /* Frameworks */,
				19C28FACFE9D520D11CA2CBB /* Products */,
			);
			name = CustomTemplate;
			sourceTree = "<group>";
		};
		29B97315FDCFA39411CA2CEA /* Other Sources */ = {
			isa = PBXGroup;
			children = (
				32CA4F630368D1EE00C91783 /* PhoneGap-Prefix.pch */,
				29B97316FDCFA39411CA2CEA /* main.m */,
			);
			name = "Other Sources";
			path = PhoneGap;
			sourceTree = "<group>";
		};
		29B97317FDCFA39411CA2CEA /* Resources */ = {
			isa = PBXGroup;
			children = (
				30A0434214DC770100060A13 /* de.lproj */,
				30A0434514DC770100060A13 /* se.lproj */,
				1F766FDB13BBADB100FB74C0 /* en.lproj */,
				1F766FDE13BBADB100FB74C0 /* es.lproj */,
				308D052D1370CCF300D202BF /* icons */,
				308D05311370CCF300D202BF /* splash */,
				8D1107310486CEB800E47090 /* PhoneGap-Info.plist */,
				9AF8ABE141554D19879E46EC /* CDVCapture.bundle */,
				D53BDB420EA0490E8C5798D5 /* CDVNotification.bundle */,
				0493C7B0474B44C48A7D74BE /* ADBMobileConfig.json */,
			);
			name = Resources;
			path = PhoneGap/Resources;
			sourceTree = "<group>";
		};
		29B97323FDCFA39411CA2CEA /* Frameworks */ = {
			isa = PBXGroup;
			children = (
				5B1594DC16A7569C00FEF299 /* AssetsLibrary.framework */,
				288765FC0DF74451002DB57D /* CoreGraphics.framework */,
				305D5FD0115AB8F900A74A75 /* MobileCoreServices.framework */,
				F7CFD999956F4D13867B2C33 /* CoreLocation.framework */,
				93EDD6C8FB7A40F7A1770D74 /* SystemConfiguration.framework */,
				2AA18D9E2CBC431AAD0FFEFB /* AudioToolbox.framework */,
				8307D30EB995426BAD8CA132 /* ImageIO.framework */,
				5CF084624D1B4339B77BBA7C /* AddressBook.framework */,
				10706F7054634025AE4D17DF /* AddressBookUI.framework */,
				DF4776D8E9804C379B602AC6 /* CoreMotion.framework */,
				3C9B7F14DF7649609D106623 /* AdobeMobileLibrary.a */,
				8A881EE82D9A4D338A9C4324 /* libsqlite3.dylib */,
				405787BE8EB547C7BE41CCC8 /* libz.dylib */,
				C0F99988E1464CF4AB7F46DD /* CoreBluetooth.framework */,
			);
			name = Frameworks;
			sourceTree = "<group>";
		};
		301BF52E109A57CC0062928A /* Products */ = {
			isa = PBXGroup;
			children = (
				301BF535109A57CC0062928A /* libCordova.a */,
			);
			name = Products;
			sourceTree = "<group>";
		};
		307C750510C5A3420062BCA9 /* Plugins */ = {
			isa = PBXGroup;
			children = (
				B4FDF8BEF934459FA2052FC2 /* CDVFile.m */,
				0D5B9915D0A54471986FF6A0 /* CDVLocalFilesystem.m */,
				BF840BFFCFAE48A496C6A15E /* CDVAssetLibraryFilesystem.m */,
				78F60133EDFE4C69865BC720 /* CDVFile.h */,
				D4267F60EBBD47DE9CA82815 /* CDVLocalFilesystem.h */,
				5AA966F690C6476B9A4BFD98 /* CDVAssetLibraryFilesystem.h */,
				5CB5882AFF0A49479BC87461 /* CDVFileTransfer.m */,
				BB7CEF0F42B449B4B8A435C2 /* CDVFileTransfer.h */,
				7AE988AEA1AB4AC4847935BB /* CDVLocation.m */,
				0B9869FA80C64E8499769953 /* CDVLocation.h */,
				307BD7E5130A4AE88E75E018 /* CDVGlobalization.m */,
				081BBB0ECEF64B7AAA293B4A /* CDVGlobalization.h */,
				C0196D0F53F846F4B8577DF7 /* CDVInAppBrowser.m */,
				014D520CAC0A4408B0DC4011 /* CDVInAppBrowser.h */,
				1ABDE44709D2479391281491 /* CDVSound.m */,
				6799A24F58634C3E96038E56 /* CDVSound.h */,
				29C45ABBBF9B4B9DB8D8831F /* CDVCapture.m */,
				426F5794619D403F8A87645B /* CDVCapture.h */,
				63FBBA82E7A044A3BD2A679D /* CDVConnection.m */,
				A0B81C8545D94DF6A6DC74EA /* CDVReachability.m */,
				5B08992098984DC28A2545FA /* CDVConnection.h */,
				E50A8CE8ADA24797BB2D36E9 /* CDVReachability.h */,
				42C1819DCB3641788D8869F7 /* CDVSplashScreen.m */,
				7A93E8B159CA4F7E906227B3 /* CDVSplashScreen.h */,
				2265FC9C350A4CD9A4C1D770 /* CDVStatusBar.m */,
				1970A746C3F945548B52F3B3 /* CDVStatusBar.h */,
				CD8980366C4B41D68107675A /* CDVVibration.m */,
				FD48CED150144861B05F661A /* CDVVibration.h */,
				6E81A1296415465DB7BB883C /* CDVBattery.m */,
				442635DB607048C9954B8F8D /* CDVBattery.h */,
				74DAAE8B50C445F5A1227C07 /* CDVCamera.m */,
				C41B8E8FDBCE472CACBB4D6E /* CDVJpegHeaderWriter.m */,
				2511F71F89EC4D07A96D299D /* CDVCamera.h */,
				4B0917DF26A94C6DA495DA06 /* CDVJpegHeaderWriter.h */,
				7A71677A205344698C3D0187 /* CDVExif.h */,
				5499A6A0057F484293707531 /* CDVLogger.m */,
				97B97B6A417045F3B2B762C7 /* CDVLogger.h */,
				DD5FD0932BF84306A0EE034F /* CDVContacts.m */,
				AB656FDAF939413F949454A7 /* CDVContact.m */,
				2E7C66908D6F405C90098657 /* CDVContacts.h */,
				BF7FAA7F6CC642D7BBCC47E9 /* CDVContact.h */,
				735562D03B05481A99EFA7E0 /* CDVDevice.m */,
				01063A49E671448194E2F427 /* CDVDevice.h */,
				2043FA416D114E0E8041B66F /* CDVAccelerometer.m */,
				9C041C43480F410F9E73B0D3 /* CDVAccelerometer.h */,
				031490745D394964A04A2C1E /* CDVCompass.m */,
				783CF5FE622E4FADA57928DA /* CDVCompass.h */,
				9490F1CD057A40EDBFC4BC06 /* CDVNotification.m */,
				2EAD505FD92343D7997796E3 /* CDVNotification.h */,
				156E66932A6048DAA30F8A88 /* Insomnia.m */,
				7C5D0EFC755042A7AB7565A2 /* Insomnia.h */,
				BC201A02C1E24E5492703742 /* ADBMobile_PhoneGap.m */,
				5FB9F29D903C433BBAD13C5E /* ADBMobile_PhoneGap.h */,
				8F8CBA35D58540F0A8048B86 /* ADBMobile.h */,
				22CA3AA2A37E452F9A56EC3C /* BLECentralPlugin.m */,
				398D245B80EE4F938D0E0201 /* CBPeripheral+Extensions.m */,
				889D9BAC44C945BD8876C372 /* Foo.m */,
				B2DAF3AFA19E4A7D8316173B /* BLECentralPlugin.h */,
				4D77E8B9F6FE4D158FBE098E /* CBPeripheral+Extensions.h */,
				CEF3FC1E1CC144D28B9EB35C /* Foo.h */,
				B22F65B224BA43DEB0461814 /* ContentSync.m */,
				B4B2C5A973774997B5E18742 /* SSZipArchive.m */,
				4B4A6DB5375649A4BB1CE01A /* zip.c */,
				3FB4E7AB1C4845AA870B3054 /* unzip.c */,
				DD132CDEEBCA4D3D8BF2BF36 /* mztools.c */,
				CFE737F599EB4E3B84362A8B /* ioapi.c */,
				C8CC7DAD35284D3480540E68 /* ContentSync.h */,
				9AB9308F2A6F457B9EA931BF /* SSZipArchive.h */,
				97C852E2188044FC99C823B6 /* zip.h */,
				8BBA891B028744BDB3CE2978 /* unzip.h */,
				22AEAA8A3B604CBF908B826B /* mztools.h */,
				7FE381A1CD9B40D1BD1BEB98 /* ioapi.h */,
				6AE2F3F07C734551860DBC8E /* crypt.h */,
			);
			name = Plugins;
			path = PhoneGap/Plugins;
			sourceTree = SOURCE_ROOT;
		};
		308D052D1370CCF300D202BF /* icons */ = {
			isa = PBXGroup;
			children = (
				7E7966D41810823500FA85AD /* icon-40.png */,
				7E7966D51810823500FA85AD /* icon-40@2x.png */,
				7E7966D61810823500FA85AD /* icon-50.png */,
				7E7966D71810823500FA85AD /* icon-50@2x.png */,
				7E7966D81810823500FA85AD /* icon-60.png */,
				7E7966D91810823500FA85AD /* icon-60@2x.png */,
				7E7966DA1810823500FA85AD /* icon-76.png */,
				7E7966DB1810823500FA85AD /* icon-76@2x.png */,
				7E7966DC1810823500FA85AD /* icon-small.png */,
				7E7966DD1810823500FA85AD /* icon-small@2x.png */,
				30FC414816E50CA1004E6F35 /* icon-72@2x.png */,
				308D052E1370CCF300D202BF /* icon-72.png */,
				308D052F1370CCF300D202BF /* icon.png */,
				308D05301370CCF300D202BF /* icon@2x.png */,
			);
			path = icons;
			sourceTree = "<group>";
		};
		308D05311370CCF300D202BF /* splash */ = {
			isa = PBXGroup;
			children = (
				D4A0D8751607E02300AEF8BB /* Default-568h@2x~iphone.png */,
				3088BBB7154F3926009F9C59 /* Default-Landscape@2x~ipad.png */,
				3088BBB8154F3926009F9C59 /* Default-Landscape~ipad.png */,
				3088BBB9154F3926009F9C59 /* Default-Portrait@2x~ipad.png */,
				3088BBBA154F3926009F9C59 /* Default-Portrait~ipad.png */,
				3088BBBB154F3926009F9C59 /* Default@2x~iphone.png */,
				3088BBBC154F3926009F9C59 /* Default~iphone.png */,
			);
			path = splash;
			sourceTree = "<group>";
		};
		30A0434214DC770100060A13 /* de.lproj */ = {
			isa = PBXGroup;
			children = (
				30A0434314DC770100060A13 /* Localizable.strings */,
			);
			path = de.lproj;
			sourceTree = "<group>";
		};
		30A0434514DC770100060A13 /* se.lproj */ = {
			isa = PBXGroup;
			children = (
				30A0434614DC770100060A13 /* Localizable.strings */,
			);
			path = se.lproj;
			sourceTree = "<group>";
		};
		EB87FDF11871DA420020F90C /* Staging */ = {
			isa = PBXGroup;
			children = (
				F840E1F0165FE0F500CFE078 /* config.xml */,
				301BF56E109A69640062928A /* www */,
			);
			name = Staging;
			sourceTree = "<group>";
		};
/* End PBXGroup section */

/* Begin PBXNativeTarget section */
		1D6058900D05DD3D006BFB54 /* PhoneGap */ = {
			isa = PBXNativeTarget;
			buildConfigurationList = 1D6058960D05DD3E006BFB54 /* Build configuration list for PBXNativeTarget "PhoneGap" */;
			buildPhases = (
				304B58A110DAC018002A0835 /* Copy www directory */,
				1D60588D0D05DD3D006BFB54 /* Resources */,
				1D60588E0D05DD3D006BFB54 /* Sources */,
				1D60588F0D05DD3D006BFB54 /* Frameworks */,
			);
			buildRules = (
			);
			dependencies = (
				301BF551109A68C00062928A /* PBXTargetDependency */,
			);
			name = PhoneGap;
			productName = PhoneGap;
			productReference = 1D6058910D05DD3D006BFB54 /* PhoneGap.app */;
			productType = "com.apple.product-type.application";
		};
/* End PBXNativeTarget section */

/* Begin PBXProject section */
		29B97313FDCFA39411CA2CEA /* Project object */ = {
			isa = PBXProject;
			attributes = {
				LastUpgradeCheck = 510;
			};
			buildConfigurationList = C01FCF4E08A954540054247B /* Build configuration list for PBXProject "PhoneGap" */;
			compatibilityVersion = "Xcode 3.2";
			developmentRegion = English;
			hasScannedForEncodings = 1;
			knownRegions = (
				English,
				Japanese,
				French,
				German,
				en,
				es,
				de,
				se,
			);
			mainGroup = 29B97314FDCFA39411CA2CEA /* CustomTemplate */;
			projectDirPath = "";
			projectReferences = (
				{
					ProductGroup = 301BF52E109A57CC0062928A /* Products */;
					ProjectRef = 301BF52D109A57CC0062928A /* CordovaLib.xcodeproj */;
				},
			);
			projectRoot = "";
			targets = (
				1D6058900D05DD3D006BFB54 /* PhoneGap */,
			);
		};
/* End PBXProject section */

/* Begin PBXReferenceProxy section */
		301BF535109A57CC0062928A /* libCordova.a */ = {
			isa = PBXReferenceProxy;
			fileType = archive.ar;
			path = libCordova.a;
			remoteRef = 301BF534109A57CC0062928A /* PBXContainerItemProxy */;
			sourceTree = BUILT_PRODUCTS_DIR;
		};
/* End PBXReferenceProxy section */

/* Begin PBXResourcesBuildPhase section */
		1D60588D0D05DD3D006BFB54 /* Resources */ = {
			isa = PBXResourcesBuildPhase;
			buildActionMask = 2147483647;
			files = (
				7E7966E41810823500FA85AD /* icon-76.png in Resources */,
				7E7966DF1810823500FA85AD /* icon-40@2x.png in Resources */,
				308D05371370CCF300D202BF /* icon-72.png in Resources */,
				308D05381370CCF300D202BF /* icon.png in Resources */,
				308D05391370CCF300D202BF /* icon@2x.png in Resources */,
				1F766FE113BBADB100FB74C0 /* Localizable.strings in Resources */,
				302D95F214D2391D003F00A1 /* MainViewController.xib in Resources */,
				7E7966E01810823500FA85AD /* icon-50.png in Resources */,
				7E7966E31810823500FA85AD /* icon-60@2x.png in Resources */,
				30A0434814DC770100060A13 /* Localizable.strings in Resources */,
				7E7966E61810823500FA85AD /* icon-small.png in Resources */,
				3088BBBD154F3926009F9C59 /* Default-Landscape@2x~ipad.png in Resources */,
				3088BBBE154F3926009F9C59 /* Default-Landscape~ipad.png in Resources */,
				3088BBBF154F3926009F9C59 /* Default-Portrait@2x~ipad.png in Resources */,
				7E7966E71810823500FA85AD /* icon-small@2x.png in Resources */,
				3088BBC0154F3926009F9C59 /* Default-Portrait~ipad.png in Resources */,
				7E7966DE1810823500FA85AD /* icon-40.png in Resources */,
				3088BBC1154F3926009F9C59 /* Default@2x~iphone.png in Resources */,
				7E7966E21810823500FA85AD /* icon-60.png in Resources */,
				3088BBC2154F3926009F9C59 /* Default~iphone.png in Resources */,
				D4A0D8761607E02300AEF8BB /* Default-568h@2x~iphone.png in Resources */,
				7E7966E11810823500FA85AD /* icon-50@2x.png in Resources */,
				7E7966E51810823500FA85AD /* icon-76@2x.png in Resources */,
				30FC414916E50CA1004E6F35 /* icon-72@2x.png in Resources */,
				3D81A3E5C95841B0A73DA297 /* CDVCapture.bundle in Resources */,
				122EB8B7D65D43DEBCF35584 /* CDVNotification.bundle in Resources */,
				4214605BE0E94A438E387B38 /* ADBMobileConfig.json in Resources */,
			);
			runOnlyForDeploymentPostprocessing = 0;
		};
/* End PBXResourcesBuildPhase section */

/* Begin PBXShellScriptBuildPhase section */
		304B58A110DAC018002A0835 /* Copy www directory */ = {
			isa = PBXShellScriptBuildPhase;
			buildActionMask = 2147483647;
			files = (
			);
			inputPaths = (
			);
			name = "Copy www directory";
			outputPaths = (
			);
			runOnlyForDeploymentPostprocessing = 0;
			shellPath = /bin/sh;
			shellScript = "cordova/lib/copy-www-build-step.sh";
			showEnvVarsInLog = 0;
		};
/* End PBXShellScriptBuildPhase section */

/* Begin PBXSourcesBuildPhase section */
		1D60588E0D05DD3D006BFB54 /* Sources */ = {
			isa = PBXSourcesBuildPhase;
			buildActionMask = 2147483647;
			files = (
				1D60589B0D05DD56006BFB54 /* main.m in Sources */,
				1D3623260D0F684500981E51 /* AppDelegate.m in Sources */,
				302D95F114D2391D003F00A1 /* MainViewController.m in Sources */,
				20C6BFC179B2408E94F25772 /* CDVFile.m in Sources */,
				3514C92880FA449CB61F2B5D /* CDVLocalFilesystem.m in Sources */,
				233CC8C146DB46968D93CDFF /* CDVAssetLibraryFilesystem.m in Sources */,
				FC7D4FBB37954033B3134B95 /* CDVFileTransfer.m in Sources */,
				DB975F061C57478781BB4C18 /* CDVLocation.m in Sources */,
				3E491A1475EC41A29A617523 /* CDVGlobalization.m in Sources */,
				7403D64668D24706A3F45688 /* CDVInAppBrowser.m in Sources */,
				EEC9446961FF4CDD914E4404 /* CDVSound.m in Sources */,
				5DC305E6BE834CC192E36320 /* CDVCapture.m in Sources */,
				4D5A712F41A14D93A17A55CD /* CDVConnection.m in Sources */,
				D5823294CFBB4D68AB81C7FC /* CDVReachability.m in Sources */,
				814CAE49D94C412CBFBB2E94 /* CDVSplashScreen.m in Sources */,
				5706F37ED3504358BE1954A1 /* CDVStatusBar.m in Sources */,
				E1E1D3C2595B4318B726F1C7 /* CDVVibration.m in Sources */,
				6E060C6234CB462F960E5745 /* CDVBattery.m in Sources */,
				46AF1EC552B94782A889D391 /* CDVCamera.m in Sources */,
				92BF3FFDA58D42ECB98E7CE4 /* CDVJpegHeaderWriter.m in Sources */,
				B400A5F678354987B4C25D62 /* CDVLogger.m in Sources */,
				2A50069E547D43F094CBF3AF /* CDVContacts.m in Sources */,
				998864F737CC4843A81926A0 /* CDVContact.m in Sources */,
				3484EF7DF00543B38091D812 /* CDVDevice.m in Sources */,
				01DC1C96F60E4448A33C0100 /* CDVAccelerometer.m in Sources */,
				C4DCF67F864C467EA738AC61 /* CDVCompass.m in Sources */,
				1505AEA8D61D45319AEDA061 /* CDVNotification.m in Sources */,
				2DA5FF0180BA41AAA234DE83 /* Insomnia.m in Sources */,
				F94DDA4AFA3646BF91ECDF2B /* ADBMobile_PhoneGap.m in Sources */,
				D11743A8DCB54B5DBDF8ACE5 /* BLECentralPlugin.m in Sources */,
				6A33A69E0BF1465985932246 /* CBPeripheral+Extensions.m in Sources */,
				E8B0B0EB7BF74D829594B618 /* Foo.m in Sources */,
				D34F36BB10194CA4AA98698E /* ContentSync.m in Sources */,
				335C6F42D1A24526A94D27A7 /* SSZipArchive.m in Sources */,
				52B7CD5B966B484C9E63CF35 /* zip.c in Sources */,
				B542D5486E98401FBD355DE0 /* unzip.c in Sources */,
				A12D2B9133F34749A63293C8 /* mztools.c in Sources */,
				F6979B27FDA2452DB9AEAC87 /* ioapi.c in Sources */,
			);
			runOnlyForDeploymentPostprocessing = 0;
		};
/* End PBXSourcesBuildPhase section */

/* Begin PBXTargetDependency section */
		301BF551109A68C00062928A /* PBXTargetDependency */ = {
			isa = PBXTargetDependency;
			name = CordovaLib;
			targetProxy = 301BF550109A68C00062928A /* PBXContainerItemProxy */;
		};
/* End PBXTargetDependency section */

/* Begin PBXVariantGroup section */
		1F766FDC13BBADB100FB74C0 /* Localizable.strings */ = {
			isa = PBXVariantGroup;
			children = (
				1F766FDD13BBADB100FB74C0 /* en */,
			);
			name = Localizable.strings;
			sourceTree = "<group>";
		};
		1F766FDF13BBADB100FB74C0 /* Localizable.strings */ = {
			isa = PBXVariantGroup;
			children = (
				1F766FE013BBADB100FB74C0 /* es */,
			);
			name = Localizable.strings;
			sourceTree = "<group>";
		};
		30A0434314DC770100060A13 /* Localizable.strings */ = {
			isa = PBXVariantGroup;
			children = (
				30A0434414DC770100060A13 /* de */,
			);
			name = Localizable.strings;
			sourceTree = "<group>";
		};
		30A0434614DC770100060A13 /* Localizable.strings */ = {
			isa = PBXVariantGroup;
			children = (
				30A0434714DC770100060A13 /* se */,
			);
			name = Localizable.strings;
			sourceTree = "<group>";
		};
/* End PBXVariantGroup section */

/* Begin XCBuildConfiguration section */
		1D6058940D05DD3E006BFB54 /* Debug */ = {
			isa = XCBuildConfiguration;
			buildSettings = {
				ALWAYS_SEARCH_USER_PATHS = NO;
				CLANG_ENABLE_OBJC_ARC = YES;
				CODE_SIGN_IDENTITY = "iPhone Distribution: Adobe Systems, Inc. (JQ525L2MZD)";
				"CODE_SIGN_IDENTITY[sdk=iphoneos*]" = "iPhone Distribution: Adobe Systems, Inc. (JQ525L2MZD)";
				COPY_PHASE_STRIP = NO;
				GCC_DYNAMIC_NO_PIC = NO;
				GCC_OPTIMIZATION_LEVEL = 0;
				GCC_PRECOMPILE_PREFIX_HEADER = YES;
				GCC_PREFIX_HEADER = "PhoneGap/PhoneGap-Prefix.pch";
				GCC_THUMB_SUPPORT = NO;
				GCC_VERSION = "";
				INFOPLIST_FILE = "PhoneGap/PhoneGap-Info.plist";
				IPHONEOS_DEPLOYMENT_TARGET = 6.0;
				LIBRARY_SEARCH_PATHS = (
					"$(inherited)",
					"\"$(SRCROOT)/PhoneGap/Plugins/ADBMobile\"",
				);
				OTHER_LDFLAGS = (
					"-weak_framework",
					CoreFoundation,
					"-weak_framework",
					UIKit,
					"-weak_framework",
					AVFoundation,
					"-weak_framework",
					CoreMedia,
					"-weak-lSystem",
					"-force_load",
					"\"$(BUILT_PRODUCTS_DIR)/libCordova.a\"",
					"-ObjC",
				);
				PRODUCT_NAME = PhoneGap;
				PROVISIONING_PROFILE = "be4d0145-3619-4c15-8587-fe34b9d21f61";
				TARGETED_DEVICE_FAMILY = "1,2";
			};
			name = Debug;
		};
		1D6058950D05DD3E006BFB54 /* Release */ = {
			isa = XCBuildConfiguration;
			buildSettings = {
				ALWAYS_SEARCH_USER_PATHS = NO;
				CLANG_ENABLE_OBJC_ARC = YES;
				CODE_SIGN_IDENTITY = "iPhone Distribution: Adobe Systems, Inc. (JQ525L2MZD)";
				"CODE_SIGN_IDENTITY[sdk=iphoneos*]" = "iPhone Distribution: Adobe Systems, Inc. (JQ525L2MZD)";
				COPY_PHASE_STRIP = YES;
				GCC_PRECOMPILE_PREFIX_HEADER = YES;
				GCC_PREFIX_HEADER = "PhoneGap/PhoneGap-Prefix.pch";
				GCC_THUMB_SUPPORT = NO;
				GCC_VERSION = "";
				INFOPLIST_FILE = "PhoneGap/PhoneGap-Info.plist";
				IPHONEOS_DEPLOYMENT_TARGET = 6.0;
				LIBRARY_SEARCH_PATHS = (
					"$(inherited)",
					"\"$(SRCROOT)/PhoneGap/Plugins/ADBMobile\"",
				);
				OTHER_LDFLAGS = (
					"-weak_framework",
					CoreFoundation,
					"-weak_framework",
					UIKit,
					"-weak_framework",
					AVFoundation,
					"-weak_framework",
					CoreMedia,
					"-weak-lSystem",
					"-force_load",
					"\"$(BUILT_PRODUCTS_DIR)/libCordova.a\"",
					"-ObjC",
				);
				PRODUCT_NAME = PhoneGap;
				PROVISIONING_PROFILE = "be4d0145-3619-4c15-8587-fe34b9d21f61";
				TARGETED_DEVICE_FAMILY = "1,2";
			};
			name = Release;
		};
		C01FCF4F08A954540054247B /* Debug */ = {
			isa = XCBuildConfiguration;
			buildSettings = {
				CLANG_ENABLE_OBJC_ARC = YES;
				CLANG_WARN_BOOL_CONVERSION = YES;
				CLANG_WARN_CONSTANT_CONVERSION = YES;
				CLANG_WARN_EMPTY_BODY = YES;
				CLANG_WARN_ENUM_CONVERSION = YES;
				CLANG_WARN_INT_CONVERSION = YES;
				CLANG_WARN__DUPLICATE_METHOD_MATCH = YES;
				"CODE_SIGN_IDENTITY[sdk=iphoneos*]" = "iPhone Developer";
				GCC_C_LANGUAGE_STANDARD = c99;
				GCC_THUMB_SUPPORT = NO;
				GCC_VERSION = "";
				GCC_WARN_ABOUT_RETURN_TYPE = YES;
				GCC_WARN_UNDECLARED_SELECTOR = YES;
				GCC_WARN_UNINITIALIZED_AUTOS = YES;
				GCC_WARN_UNUSED_FUNCTION = YES;
				GCC_WARN_UNUSED_VARIABLE = YES;
				HEADER_SEARCH_PATHS = (
					"\"$(TARGET_BUILD_DIR)/usr/local/lib/include\"",
					"\"$(OBJROOT)/UninstalledProducts/include\"",
					"\"$(BUILT_PRODUCTS_DIR)\"",
				);
				IPHONEOS_DEPLOYMENT_TARGET = 6.0;
				ONLY_ACTIVE_ARCH = YES;
				OTHER_LDFLAGS = (
					"-weak_framework",
					CoreFoundation,
					"-weak_framework",
					UIKit,
					"-weak_framework",
					AVFoundation,
					"-weak_framework",
					CoreMedia,
					"-weak-lSystem",
					"-force_load",
					"\"$(BUILT_PRODUCTS_DIR)/libCordova.a\"",
					"-ObjC",
				);
				SDKROOT = iphoneos;
				SKIP_INSTALL = NO;
				USER_HEADER_SEARCH_PATHS = "";
			};
			name = Debug;
		};
		C01FCF5008A954540054247B /* Release */ = {
			isa = XCBuildConfiguration;
			buildSettings = {
				CLANG_ENABLE_OBJC_ARC = YES;
				CLANG_WARN_BOOL_CONVERSION = YES;
				CLANG_WARN_CONSTANT_CONVERSION = YES;
				CLANG_WARN_EMPTY_BODY = YES;
				CLANG_WARN_ENUM_CONVERSION = YES;
				CLANG_WARN_INT_CONVERSION = YES;
				CLANG_WARN__DUPLICATE_METHOD_MATCH = YES;
				"CODE_SIGN_IDENTITY[sdk=iphoneos*]" = "iPhone Developer";
				GCC_C_LANGUAGE_STANDARD = c99;
				GCC_THUMB_SUPPORT = NO;
				GCC_VERSION = "";
				GCC_WARN_ABOUT_RETURN_TYPE = YES;
				GCC_WARN_UNDECLARED_SELECTOR = YES;
				GCC_WARN_UNINITIALIZED_AUTOS = YES;
				GCC_WARN_UNUSED_FUNCTION = YES;
				GCC_WARN_UNUSED_VARIABLE = YES;
				HEADER_SEARCH_PATHS = (
					"\"$(TARGET_BUILD_DIR)/usr/local/lib/include\"",
					"\"$(OBJROOT)/UninstalledProducts/include\"",
					"\"$(BUILT_PRODUCTS_DIR)\"",
				);
				IPHONEOS_DEPLOYMENT_TARGET = 6.0;
				OTHER_LDFLAGS = (
					"-weak_framework",
					CoreFoundation,
					"-weak_framework",
					UIKit,
					"-weak_framework",
					AVFoundation,
					"-weak_framework",
					CoreMedia,
					"-weak-lSystem",
					"-force_load",
					"\"$(BUILT_PRODUCTS_DIR)/libCordova.a\"",
					"-ObjC",
				);
				SDKROOT = iphoneos;
				SKIP_INSTALL = NO;
				USER_HEADER_SEARCH_PATHS = "";
			};
			name = Release;
		};
/* End XCBuildConfiguration section */

/* Begin XCConfigurationList section */
		1D6058960D05DD3E006BFB54 /* Build configuration list for PBXNativeTarget "PhoneGap" */ = {
			isa = XCConfigurationList;
			buildConfigurations = (
				1D6058940D05DD3E006BFB54 /* Debug */,
				1D6058950D05DD3E006BFB54 /* Release */,
			);
			defaultConfigurationIsVisible = 0;
			defaultConfigurationName = Release;
		};
		C01FCF4E08A954540054247B /* Build configuration list for PBXProject "PhoneGap" */ = {
			isa = XCConfigurationList;
			buildConfigurations = (
				C01FCF4F08A954540054247B /* Debug */,
				C01FCF5008A954540054247B /* Release */,
			);
			defaultConfigurationIsVisible = 0;
			defaultConfigurationName = Release;
		};
/* End XCConfigurationList section */
	};
	rootObject = 29B97313FDCFA39411CA2CEA /* Project object */;
}
